
Microsoft Visual Studio Solution File, Format Version 12.00
# Visual Studio Version 16
VisualStudioVersion = 16.0.29326.143
MinimumVisualStudioVersion = 10.0.40219.1
Project("{FAE04EC0-301F-11D3-BF4B-00C04F79EFBC}") = "SecretSanta", "SecretSanta\SecretSanta.csproj", "{C0CED668-177A-438D-90FA-379B6891466D}"
EndProject
Project("{9A19103F-16F7-4668-BE54-9A1E7A4F7556}") = "SecretSanta.Data", "SecretSanta.Data\SecretSanta.Data.csproj", "{22EEDD1F-F6B3-435C-AF76-E11B43637163}"
EndProject
Project("{9A19103F-16F7-4668-BE54-9A1E7A4F7556}") = "SecretSanta.Common", "SecretSanta.Common\SecretSanta.Common.csproj", "{FE80BBE9-E456-442D-849A-41EBDC2E152C}"
EndProject
Project("{9A19103F-16F7-4668-BE54-9A1E7A4F7556}") = "SecretSanta.Domain", "SecretSanta.Domain\SecretSanta.Domain.csproj", "{C2EF333C-1E9B-4F80-892C-78FFB75532C9}"
EndProject
Project("{2150E333-8FDC-42A3-9474-1A3956D46DE8}") = "Tests", "Tests", "{DDEA0347-31AC-4BFA-99F6-C4C365E5E857}"
EndProject
Project("{9A19103F-16F7-4668-BE54-9A1E7A4F7556}") = "SecretSanta.Data.Tests", "SecretSanta.Data.Tests\SecretSanta.Data.Tests.csproj", "{8498A475-DEF3-40F6-A751-D50DB714F987}"
EndProject
Project("{9A19103F-16F7-4668-BE54-9A1E7A4F7556}") = "SecretSanta.Common.Tests", "SecretSanta.Common.Tests\SecretSanta.Common.Tests.csproj", "{DE6E3BD6-F5AF-4B51-938B-7B77066A92B7}"
EndProject
Global
	GlobalSection(SolutionConfigurationPlatforms) = preSolution
		Debug|Any CPU = Debug|Any CPU
		Debug|x64 = Debug|x64
		Release|Any CPU = Release|Any CPU
		Release|x64 = Release|x64
	EndGlobalSection
	GlobalSection(ProjectConfigurationPlatforms) = postSolution
		{C0CED668-177A-438D-90FA-379B6891466D}.Debug|Any CPU.ActiveCfg = Debug|Any CPU
		{C0CED668-177A-438D-90FA-379B6891466D}.Debug|Any CPU.Build.0 = Debug|Any CPU
		{C0CED668-177A-438D-90FA-379B6891466D}.Debug|x64.ActiveCfg = Debug|x64
		{C0CED668-177A-438D-90FA-379B6891466D}.Debug|x64.Build.0 = Debug|x64
		{C0CED668-177A-438D-90FA-379B6891466D}.Release|Any CPU.ActiveCfg = Release|Any CPU
		{C0CED668-177A-438D-90FA-379B6891466D}.Release|Any CPU.Build.0 = Release|Any CPU
		{C0CED668-177A-438D-90FA-379B6891466D}.Release|x64.ActiveCfg = Release|x64
		{C0CED668-177A-438D-90FA-379B6891466D}.Release|x64.Build.0 = Release|x64
		{22EEDD1F-F6B3-435C-AF76-E11B43637163}.Debug|Any CPU.ActiveCfg = Debug|Any CPU
		{22EEDD1F-F6B3-435C-AF76-E11B43637163}.Debug|Any CPU.Build.0 = Debug|Any CPU
		{22EEDD1F-F6B3-435C-AF76-E11B43637163}.Debug|x64.ActiveCfg = Debug|Any CPU
		{22EEDD1F-F6B3-435C-AF76-E11B43637163}.Debug|x64.Build.0 = Debug|Any CPU
		{22EEDD1F-F6B3-435C-AF76-E11B43637163}.Release|Any CPU.ActiveCfg = Release|Any CPU
		{22EEDD1F-F6B3-435C-AF76-E11B43637163}.Release|Any CPU.Build.0 = Release|Any CPU
		{22EEDD1F-F6B3-435C-AF76-E11B43637163}.Release|x64.ActiveCfg = Release|Any CPU
		{22EEDD1F-F6B3-435C-AF76-E11B43637163}.Release|x64.Build.0 = Release|Any CPU
		{FE80BBE9-E456-442D-849A-41EBDC2E152C}.Debug|Any CPU.ActiveCfg = Debug|Any CPU
		{FE80BBE9-E456-442D-849A-41EBDC2E152C}.Debug|Any CPU.Build.0 = Debug|Any CPU
		{FE80BBE9-E456-442D-849A-41EBDC2E152C}.Debug|x64.ActiveCfg = Debug|Any CPU
		{FE80BBE9-E456-442D-849A-41EBDC2E152C}.Debug|x64.Build.0 = Debug|Any CPU
		{FE80BBE9-E456-442D-849A-41EBDC2E152C}.Release|Any CPU.ActiveCfg = Release|Any CPU
		{FE80BBE9-E456-442D-849A-41EBDC2E152C}.Release|Any CPU.Build.0 = Release|Any CPU
		{FE80BBE9-E456-442D-849A-41EBDC2E152C}.Release|x64.ActiveCfg = Release|Any CPU
		{FE80BBE9-E456-442D-849A-41EBDC2E152C}.Release|x64.Build.0 = Release|Any CPU
		{C2EF333C-1E9B-4F80-892C-78FFB75532C9}.Debug|Any CPU.ActiveCfg = Debug|Any CPU
		{C2EF333C-1E9B-4F80-892C-78FFB75532C9}.Debug|Any CPU.Build.0 = Debug|Any CPU
		{C2EF333C-1E9B-4F80-892C-78FFB75532C9}.Debug|x64.ActiveCfg = Debug|Any CPU
		{C2EF333C-1E9B-4F80-892C-78FFB75532C9}.Debug|x64.Build.0 = Debug|Any CPU
		{C2EF333C-1E9B-4F80-892C-78FFB75532C9}.Release|Any CPU.ActiveCfg = Release|Any CPU
		{C2EF333C-1E9B-4F80-892C-78FFB75532C9}.Release|Any CPU.Build.0 = Release|Any CPU
		{C2EF333C-1E9B-4F80-892C-78FFB75532C9}.Release|x64.ActiveCfg = Release|Any CPU
		{C2EF333C-1E9B-4F80-892C-78FFB75532C9}.Release|x64.Build.0 = Release|Any CPU
		{8498A475-DEF3-40F6-A751-D50DB714F987}.Debug|Any CPU.ActiveCfg = Debug|Any CPU
		{8498A475-DEF3-40F6-A751-D50DB714F987}.Debug|Any CPU.Build.0 = Debug|Any CPU
		{8498A475-DEF3-40F6-A751-D50DB714F987}.Debug|x64.ActiveCfg = Debug|Any CPU
		{8498A475-DEF3-40F6-A751-D50DB714F987}.Debug|x64.Build.0 = Debug|Any CPU
		{8498A475-DEF3-40F6-A751-D50DB714F987}.Release|Any CPU.ActiveCfg = Release|Any CPU
		{8498A475-DEF3-40F6-A751-D50DB714F987}.Release|Any CPU.Build.0 = Release|Any CPU
		{8498A475-DEF3-40F6-A751-D50DB714F987}.Release|x64.ActiveCfg = Release|Any CPU
		{8498A475-DEF3-40F6-A751-D50DB714F987}.Release|x64.Build.0 = Release|Any CPU
		{DE6E3BD6-F5AF-4B51-938B-7B77066A92B7}.Debug|Any CPU.ActiveCfg = Debug|Any CPU
		{DE6E3BD6-F5AF-4B51-938B-7B77066A92B7}.Debug|Any CPU.Build.0 = Debug|Any CPU
		{DE6E3BD6-F5AF-4B51-938B-7B77066A92B7}.Debug|x64.ActiveCfg = Debug|Any CPU
		{DE6E3BD6-F5AF-4B51-938B-7B77066A92B7}.Debug|x64.Build.0 = Debug|Any CPU
		{DE6E3BD6-F5AF-4B51-938B-7B77066A92B7}.Release|Any CPU.ActiveCfg = Release|Any CPU
		{DE6E3BD6-F5AF-4B51-938B-7B77066A92B7}.Release|Any CPU.Build.0 = Release|Any CPU
		{DE6E3BD6-F5AF-4B51-938B-7B77066A92B7}.Release|x64.ActiveCfg = Release|Any CPU
		{DE6E3BD6-F5AF-4B51-938B-7B77066A92B7}.Release|x64.Build.0 = Release|Any CPU
	EndGlobalSection
	GlobalSection(SolutionProperties) = preSolution
		HideSolutionNode = FALSE
	EndGlobalSection
	GlobalSection(NestedProjects) = preSolution
		{8498A475-DEF3-40F6-A751-D50DB714F987} = {DDEA0347-31AC-4BFA-99F6-C4C365E5E857}
		{DE6E3BD6-F5AF-4B51-938B-7B77066A92B7} = {DDEA0347-31AC-4BFA-99F6-C4C365E5E857}
	EndGlobalSection
	GlobalSection(ExtensibilityGlobals) = postSolution
		SolutionGuid = {C45559DC-3198-4C84-B98B-0B2089465817}
	EndGlobalSection
EndGlobal
